
Microsoft Visual Studio Solution File, Format Version 12.00
# Visual Studio 2012
Project("{FAE04EC0-301F-11D3-BF4B-00C04F79EFBC}") = "Postero.KingOfNumbers.Model", "Postero.KingOfNumbers.Model\Postero.KingOfNumbers.Model.csproj", "{EA09D26B-3691-4F03-9B03-4146B0C26B81}"
EndProject
Project("{FAE04EC0-301F-11D3-BF4B-00C04F79EFBC}") = "Postero.KingOfNumbers.View.WinForms", "Postero.KingOfNumbers.View.WinForms\Postero.KingOfNumbers.View.WinForms.csproj", "{2C6BAE9B-1935-49E1-A255-13A6E3F461B7}"
EndProject
Global
	GlobalSection(SolutionConfigurationPlatforms) = preSolution
		Debug|Any CPU = Debug|Any CPU
		Release|Any CPU = Release|Any CPU
	EndGlobalSection
	GlobalSection(ProjectConfigurationPlatforms) = postSolution
		{EA09D26B-3691-4F03-9B03-4146B0C26B81}.Debug|Any CPU.ActiveCfg = Debug|Any CPU
		{EA09D26B-3691-4F03-9B03-4146B0C26B81}.Debug|Any CPU.Build.0 = Debug|Any CPU
		{EA09D26B-3691-4F03-9B03-4146B0C26B81}.Release|Any CPU.ActiveCfg = Release|Any CPU
		{EA09D26B-3691-4F03-9B03-4146B0C26B81}.Release|Any CPU.Build.0 = Release|Any CPU
		{2C6BAE9B-1935-49E1-A255-13A6E3F461B7}.Debug|Any CPU.ActiveCfg = Debug|Any CPU
		{2C6BAE9B-1935-49E1-A255-13A6E3F461B7}.Debug|Any CPU.Build.0 = Debug|Any CPU
		{2C6BAE9B-1935-49E1-A255-13A6E3F461B7}.Release|Any CPU.ActiveCfg = Release|Any CPU
		{2C6BAE9B-1935-49E1-A255-13A6E3F461B7}.Release|Any CPU.Build.0 = Release|Any CPU
	EndGlobalSection
	GlobalSection(SolutionProperties) = preSolution
		HideSolutionNode = FALSE
	EndGlobalSection
EndGlobal
